
Microsoft Visual Studio Solution File, Format Version 12.00
# Visual Studio Version 17
VisualStudioVersion = 17.9.34902.65
MinimumVisualStudioVersion = 10.0.40219.1
Project("{FAE04EC0-301F-11D3-BF4B-00C04F79EFBC}") = "CafeCheckOutDisplayingQueues", "CafeCheckOutDisplayingQueues\CafeCheckOutDisplayingQueues.csproj", "{EB7B1D77-0CB8-479D-B80B-50163F9A6825}"
EndProject
Global
	GlobalSection(SolutionConfigurationPlatforms) = preSolution
		Debug|Any CPU = Debug|Any CPU
		Release|Any CPU = Release|Any CPU
	EndGlobalSection
	GlobalSection(ProjectConfigurationPlatforms) = postSolution
		{EB7B1D77-0CB8-479D-B80B-50163F9A6825}.Debug|Any CPU.ActiveCfg = Debug|Any CPU
		{EB7B1D77-0CB8-479D-B80B-50163F9A6825}.Debug|Any CPU.Build.0 = Debug|Any CPU
		{EB7B1D77-0CB8-479D-B80B-50163F9A6825}.Release|Any CPU.ActiveCfg = Release|Any CPU
		{EB7B1D77-0CB8-479D-B80B-50163F9A6825}.Release|Any CPU.Build.0 = Release|Any CPU
	EndGlobalSection
	GlobalSection(SolutionProperties) = preSolution
		HideSolutionNode = FALSE
	EndGlobalSection
	GlobalSection(ExtensibilityGlobals) = postSolution
		SolutionGuid = {F3FA30D6-2093-4B9E-B283-6282E699AC03}
	EndGlobalSection
EndGlobal
